// !$*UTF8*$!
{
	archiveVersion = 1;
	classes = {
	};
	objectVersion = 55;
	objects = {

/* Begin PBXBuildFile section */
		F707F89A28679CBE00E36552 /* resorts.json in Resources */ = {isa = PBXBuildFile; fileRef = F707F89928679CBD00E36552 /* resorts.json */; };
		F707F89C28679D2500E36552 /* Resort.swift in Sources */ = {isa = PBXBuildFile; fileRef = F707F89B28679D2500E36552 /* Resort.swift */; };
		F707F8A528679F9100E36552 /* ViewsSideBySide.swift in Sources */ = {isa = PBXBuildFile; fileRef = F707F8A128679F9100E36552 /* ViewsSideBySide.swift */; };
		F707F8A628679F9100E36552 /* Groups.swift in Sources */ = {isa = PBXBuildFile; fileRef = F707F8A228679F9100E36552 /* Groups.swift */; };
		F707F8A728679F9100E36552 /* AlertandSheetswithOptionals.swift in Sources */ = {isa = PBXBuildFile; fileRef = F707F8A328679F9100E36552 /* AlertandSheetswithOptionals.swift */; };
		F707F8A828679F9100E36552 /* SearchableView.swift in Sources */ = {isa = PBXBuildFile; fileRef = F707F8A428679F9100E36552 /* SearchableView.swift */; };
		F707F8AA28679FC300E36552 /* Bundle - Decodable.swift in Sources */ = {isa = PBXBuildFile; fileRef = F707F8A928679FC300E36552 /* Bundle - Decodable.swift */; };
		F744EEA6286843DE002B849E /* WelcomeView.swift in Sources */ = {isa = PBXBuildFile; fileRef = F744EEA5286843DE002B849E /* WelcomeView.swift */; };
		F744EEA82868490A002B849E /* ResortView.swift in Sources */ = {isa = PBXBuildFile; fileRef = F744EEA72868490A002B849E /* ResortView.swift */; };
		F74C42082867068F007F132B /* SnowSeekerApp.swift in Sources */ = {isa = PBXBuildFile; fileRef = F74C42072867068F007F132B /* SnowSeekerApp.swift */; };
		F74C420A2867068F007F132B /* ContentView.swift in Sources */ = {isa = PBXBuildFile; fileRef = F74C42092867068F007F132B /* ContentView.swift */; };
		F74C420C28670695007F132B /* Assets.xcassets in Resources */ = {isa = PBXBuildFile; fileRef = F74C420B28670695007F132B /* Assets.xcassets */; };
		F74C420F28670695007F132B /* Preview Assets.xcassets in Resources */ = {isa = PBXBuildFile; fileRef = F74C420E28670695007F132B /* Preview Assets.xcassets */; };
		F751A5992868CED800BB22C6 /* Favourites.swift in Sources */ = {isa = PBXBuildFile; fileRef = F751A5982868CED800BB22C6 /* Favourites.swift */; };
		F7B8C4102868B42D00F12FBD /* Facility.swift in Sources */ = {isa = PBXBuildFile; fileRef = F7B8C40F2868B42D00F12FBD /* Facility.swift */; };
		F7FB139928684C5200C7AD51 /* SkiDetailView.swift in Sources */ = {isa = PBXBuildFile; fileRef = F7FB139828684C5200C7AD51 /* SkiDetailView.swift */; };
		F7FB139B28684D8100C7AD51 /* ResortDetailsView.swift in Sources */ = {isa = PBXBuildFile; fileRef = F7FB139A28684D8100C7AD51 /* ResortDetailsView.swift */; };
/* End PBXBuildFile section */

/* Begin PBXFileReference section */
		F707F89928679CBD00E36552 /* resorts.json */ = {isa = PBXFileReference; fileEncoding = 4; lastKnownFileType = text.json; path = resorts.json; sourceTree = "<group>"; };
		F707F89B28679D2500E36552 /* Resort.swift */ = {isa = PBXFileReference; lastKnownFileType = sourcecode.swift; path = Resort.swift; sourceTree = "<group>"; };
		F707F8A128679F9100E36552 /* ViewsSideBySide.swift */ = {isa = PBXFileReference; fileEncoding = 4; lastKnownFileType = sourcecode.swift; path = ViewsSideBySide.swift; sourceTree = "<group>"; };
		F707F8A228679F9100E36552 /* Groups.swift */ = {isa = PBXFileReference; fileEncoding = 4; lastKnownFileType = sourcecode.swift; path = Groups.swift; sourceTree = "<group>"; };
		F707F8A328679F9100E36552 /* AlertandSheetswithOptionals.swift */ = {isa = PBXFileReference; fileEncoding = 4; lastKnownFileType = sourcecode.swift; path = AlertandSheetswithOptionals.swift; sourceTree = "<group>"; };
		F707F8A428679F9100E36552 /* SearchableView.swift */ = {isa = PBXFileReference; fileEncoding = 4; lastKnownFileType = sourcecode.swift; path = SearchableView.swift; sourceTree = "<group>"; };
		F707F8A928679FC300E36552 /* Bundle - Decodable.swift */ = {isa = PBXFileReference; lastKnownFileType = sourcecode.swift; path = "Bundle - Decodable.swift"; sourceTree = "<group>"; };
		F744EEA5286843DE002B849E /* WelcomeView.swift */ = {isa = PBXFileReference; lastKnownFileType = sourcecode.swift; path = WelcomeView.swift; sourceTree = "<group>"; };
		F744EEA72868490A002B849E /* ResortView.swift */ = {isa = PBXFileReference; lastKnownFileType = sourcecode.swift; path = ResortView.swift; sourceTree = "<group>"; };
		F74C42042867068F007F132B /* SnowSeeker.app */ = {isa = PBXFileReference; explicitFileType = wrapper.application; includeInIndex = 0; path = SnowSeeker.app; sourceTree = BUILT_PRODUCTS_DIR; };
		F74C42072867068F007F132B /* SnowSeekerApp.swift */ = {isa = PBXFileReference; lastKnownFileType = sourcecode.swift; path = SnowSeekerApp.swift; sourceTree = "<group>"; };
		F74C42092867068F007F132B /* ContentView.swift */ = {isa = PBXFileReference; lastKnownFileType = sourcecode.swift; path = ContentView.swift; sourceTree = "<group>"; };
		F74C420B28670695007F132B /* Assets.xcassets */ = {isa = PBXFileReference; lastKnownFileType = folder.assetcatalog; path = Assets.xcassets; sourceTree = "<group>"; };
		F74C420E28670695007F132B /* Preview Assets.xcassets */ = {isa = PBXFileReference; lastKnownFileType = folder.assetcatalog; path = "Preview Assets.xcassets"; sourceTree = "<group>"; };
		F751A5982868CED800BB22C6 /* Favourites.swift */ = {isa = PBXFileReference; lastKnownFileType = sourcecode.swift; path = Favourites.swift; sourceTree = "<group>"; };
		F7B8C40F2868B42D00F12FBD /* Facility.swift */ = {isa = PBXFileReference; lastKnownFileType = sourcecode.swift; path = Facility.swift; sourceTree = "<group>"; };
		F7FB139828684C5200C7AD51 /* SkiDetailView.swift */ = {isa = PBXFileReference; lastKnownFileType = sourcecode.swift; path = SkiDetailView.swift; sourceTree = "<group>"; };
		F7FB139A28684D8100C7AD51 /* ResortDetailsView.swift */ = {isa = PBXFileReference; lastKnownFileType = sourcecode.swift; path = ResortDetailsView.swift; sourceTree = "<group>"; };
/* End PBXFileReference section */

/* Begin PBXFrameworksBuildPhase section */
		F74C42012867068F007F132B /* Frameworks */ = {
			isa = PBXFrameworksBuildPhase;
			buildActionMask = 2147483647;
			files = (
			);
			runOnlyForDeploymentPostprocessing = 0;
		};
/* End PBXFrameworksBuildPhase section */

/* Begin PBXGroup section */
		F707F8A028679F9100E36552 /* Lessons */ = {
			isa = PBXGroup;
			children = (
				F707F8A128679F9100E36552 /* ViewsSideBySide.swift */,
				F707F8A228679F9100E36552 /* Groups.swift */,
				F707F8A328679F9100E36552 /* AlertandSheetswithOptionals.swift */,
				F707F8A428679F9100E36552 /* SearchableView.swift */,
			);
			name = Lessons;
			path = Lessons/Lessons;
			sourceTree = "<group>";
		};
		F74C41FB2867068F007F132B = {
			isa = PBXGroup;
			children = (
				F74C42062867068F007F132B /* SnowSeeker */,
				F74C42052867068F007F132B /* Products */,
			);
			sourceTree = "<group>";
		};
		F74C42052867068F007F132B /* Products */ = {
			isa = PBXGroup;
			children = (
				F74C42042867068F007F132B /* SnowSeeker.app */,
			);
			name = Products;
			sourceTree = "<group>";
		};
		F74C42062867068F007F132B /* SnowSeeker */ = {
			isa = PBXGroup;
			children = (
				F74C42072867068F007F132B /* SnowSeekerApp.swift */,
				F74C42092867068F007F132B /* ContentView.swift */,
				F744EEA72868490A002B849E /* ResortView.swift */,
				F7FB139828684C5200C7AD51 /* SkiDetailView.swift */,
				F7FB139A28684D8100C7AD51 /* ResortDetailsView.swift */,
				F744EEA5286843DE002B849E /* WelcomeView.swift */,
				F707F89B28679D2500E36552 /* Resort.swift */,
				F7B8C40F2868B42D00F12FBD /* Facility.swift */,
				F707F8A928679FC300E36552 /* Bundle - Decodable.swift */,
				F751A5982868CED800BB22C6 /* Favourites.swift */,
				F707F89928679CBD00E36552 /* resorts.json */,
				F707F8A028679F9100E36552 /* Lessons */,
				F74C420B28670695007F132B /* Assets.xcassets */,
				F74C420D28670695007F132B /* Preview Content */,
			);
			path = SnowSeeker;
			sourceTree = "<group>";
		};
		F74C420D28670695007F132B /* Preview Content */ = {
			isa = PBXGroup;
			children = (
				F74C420E28670695007F132B /* Preview Assets.xcassets */,
			);
			path = "Preview Content";
			sourceTree = "<group>";
		};
/* End PBXGroup section */

/* Begin PBXNativeTarget section */
		F74C42032867068F007F132B /* SnowSeeker */ = {
			isa = PBXNativeTarget;
			buildConfigurationList = F74C421228670695007F132B /* Build configuration list for PBXNativeTarget "SnowSeeker" */;
			buildPhases = (
				F74C42002867068F007F132B /* Sources */,
				F74C42012867068F007F132B /* Frameworks */,
				F74C42022867068F007F132B /* Resources */,
			);
			buildRules = (
			);
			dependencies = (
			);
			name = SnowSeeker;
			productName = SnowSeeker;
			productReference = F74C42042867068F007F132B /* SnowSeeker.app */;
			productType = "com.apple.product-type.application";
		};
/* End PBXNativeTarget section */

/* Begin PBXProject section */
		F74C41FC2867068F007F132B /* Project object */ = {
			isa = PBXProject;
			attributes = {
				BuildIndependentTargetsInParallel = 1;
				LastSwiftUpdateCheck = 1320;
				LastUpgradeCheck = 1320;
				TargetAttributes = {
					F74C42032867068F007F132B = {
						CreatedOnToolsVersion = 13.2.1;
					};
				};
			};
			buildConfigurationList = F74C41FF2867068F007F132B /* Build configuration list for PBXProject "SnowSeeker" */;
			compatibilityVersion = "Xcode 13.0";
			developmentRegion = en;
			hasScannedForEncodings = 0;
			knownRegions = (
				en,
				Base,
			);
			mainGroup = F74C41FB2867068F007F132B;
			productRefGroup = F74C42052867068F007F132B /* Products */;
			projectDirPath = "";
			projectRoot = "";
			targets = (
				F74C42032867068F007F132B /* SnowSeeker */,
			);
		};
/* End PBXProject section */

/* Begin PBXResourcesBuildPhase section */
		F74C42022867068F007F132B /* Resources */ = {
			isa = PBXResourcesBuildPhase;
			buildActionMask = 2147483647;
			files = (
				F707F89A28679CBE00E36552 /* resorts.json in Resources */,
				F74C420F28670695007F132B /* Preview Assets.xcassets in Resources */,
				F74C420C28670695007F132B /* Assets.xcassets in Resources */,
			);
			runOnlyForDeploymentPostprocessing = 0;
		};
/* End PBXResourcesBuildPhase section */

/* Begin PBXSourcesBuildPhase section */
		F74C42002867068F007F132B /* Sources */ = {
			isa = PBXSourcesBuildPhase;
			buildActionMask = 2147483647;
			files = (
				F707F8A828679F9100E36552 /* SearchableView.swift in Sources */,
				F751A5992868CED800BB22C6 /* Favourites.swift in Sources */,
				F707F89C28679D2500E36552 /* Resort.swift in Sources */,
				F74C420A2867068F007F132B /* ContentView.swift in Sources */,
				F7FB139928684C5200C7AD51 /* SkiDetailView.swift in Sources */,
				F74C42082867068F007F132B /* SnowSeekerApp.swift in Sources */,
				F744EEA6286843DE002B849E /* WelcomeView.swift in Sources */,
				F7B8C4102868B42D00F12FBD /* Facility.swift in Sources */,
				F7FB139B28684D8100C7AD51 /* ResortDetailsView.swift in Sources */,
				F707F8A628679F9100E36552 /* Groups.swift in Sources */,
				F707F8AA28679FC300E36552 /* Bundle - Decodable.swift in Sources */,
				F744EEA82868490A002B849E /* ResortView.swift in Sources */,
				F707F8A728679F9100E36552 /* AlertandSheetswithOptionals.swift in Sources */,
				F707F8A528679F9100E36552 /* ViewsSideBySide.swift in Sources */,
			);
			runOnlyForDeploymentPostprocessing = 0;
		};
/* End PBXSourcesBuildPhase section */

/* Begin XCBuildConfiguration section */
		F74C421028670695007F132B /* Debug */ = {
			isa = XCBuildConfiguration;
			buildSettings = {
				ALWAYS_SEARCH_USER_PATHS = NO;
				CLANG_ANALYZER_NONNULL = YES;
				CLANG_ANALYZER_NUMBER_OBJECT_CONVERSION = YES_AGGRESSIVE;
				CLANG_CXX_LANGUAGE_STANDARD = "gnu++17";
				CLANG_CXX_LIBRARY = "libc++";
				CLANG_ENABLE_MODULES = YES;
				CLANG_ENABLE_OBJC_ARC = YES;
				CLANG_ENABLE_OBJC_WEAK = YES;
				CLANG_WARN_BLOCK_CAPTURE_AUTORELEASING = YES;
				CLANG_WARN_BOOL_CONVERSION = YES;
				CLANG_WARN_COMMA = YES;
				CLANG_WARN_CONSTANT_CONVERSION = YES;
				CLANG_WARN_DEPRECATED_OBJC_IMPLEMENTATIONS = YES;
				CLANG_WARN_DIRECT_OBJC_ISA_USAGE = YES_ERROR;
				CLANG_WARN_DOCUMENTATION_COMMENTS = YES;
				CLANG_WARN_EMPTY_BODY = YES;
				CLANG_WARN_ENUM_CONVERSION = YES;
				CLANG_WARN_INFINITE_RECURSION = YES;
				CLANG_WARN_INT_CONVERSION = YES;
				CLANG_WARN_NON_LITERAL_NULL_CONVERSION = YES;
				CLANG_WARN_OBJC_IMPLICIT_RETAIN_SELF = YES;
				CLANG_WARN_OBJC_LITERAL_CONVERSION = YES;
				CLANG_WARN_OBJC_ROOT_CLASS = YES_ERROR;
				CLANG_WARN_QUOTED_INCLUDE_IN_FRAMEWORK_HEADER = YES;
				CLANG_WARN_RANGE_LOOP_ANALYSIS = YES;
				CLANG_WARN_STRICT_PROTOTYPES = YES;
				CLANG_WARN_SUSPICIOUS_MOVE = YES;
				CLANG_WARN_UNGUARDED_AVAILABILITY = YES_AGGRESSIVE;
				CLANG_WARN_UNREACHABLE_CODE = YES;
				CLANG_WARN__DUPLICATE_METHOD_MATCH = YES;
				COPY_PHASE_STRIP = NO;
				DEBUG_INFORMATION_FORMAT = dwarf;
				ENABLE_STRICT_OBJC_MSGSEND = YES;
				ENABLE_TESTABILITY = YES;
				GCC_C_LANGUAGE_STANDARD = gnu11;
				GCC_DYNAMIC_NO_PIC = NO;
				GCC_NO_COMMON_BLOCKS = YES;
				GCC_OPTIMIZATION_LEVEL = 0;
				GCC_PREPROCESSOR_DEFINITIONS = (
					"DEBUG=1",
					"$(inherited)",
				);
				GCC_WARN_64_TO_32_BIT_CONVERSION = YES;
				GCC_WARN_ABOUT_RETURN_TYPE = YES_ERROR;
				GCC_WARN_UNDECLARED_SELECTOR = YES;
				GCC_WARN_UNINITIALIZED_AUTOS = YES_AGGRESSIVE;
				GCC_WARN_UNUSED_FUNCTION = YES;
				GCC_WARN_UNUSED_VARIABLE = YES;
				IPHONEOS_DEPLOYMENT_TARGET = 15.2;
				MTL_ENABLE_DEBUG_INFO = INCLUDE_SOURCE;
				MTL_FAST_MATH = YES;
				ONLY_ACTIVE_ARCH = YES;
				SDKROOT = iphoneos;
				SWIFT_ACTIVE_COMPILATION_CONDITIONS = DEBUG;
				SWIFT_OPTIMIZATION_LEVEL = "-Onone";
			};
			name = Debug;
		};
		F74C421128670695007F132B /* Release */ = {
			isa = XCBuildConfiguration;
			buildSettings = {
				ALWAYS_SEARCH_USER_PATHS = NO;
				CLANG_ANALYZER_NONNULL = YES;
				CLANG_ANALYZER_NUMBER_OBJECT_CONVERSION = YES_AGGRESSIVE;
				CLANG_CXX_LANGUAGE_STANDARD = "gnu++17";
				CLANG_CXX_LIBRARY = "libc++";
				CLANG_ENABLE_MODULES = YES;
				CLANG_ENABLE_OBJC_ARC = YES;
				CLANG_ENABLE_OBJC_WEAK = YES;
				CLANG_WARN_BLOCK_CAPTURE_AUTORELEASING = YES;
				CLANG_WARN_BOOL_CONVERSION = YES;
				CLANG_WARN_COMMA = YES;
				CLANG_WARN_CONSTANT_CONVERSION = YES;
				CLANG_WARN_DEPRECATED_OBJC_IMPLEMENTATIONS = YES;
				CLANG_WARN_DIRECT_OBJC_ISA_USAGE = YES_ERROR;
				CLANG_WARN_DOCUMENTATION_COMMENTS = YES;
				CLANG_WARN_EMPTY_BODY = YES;
				CLANG_WARN_ENUM_CONVERSION = YES;
				CLANG_WARN_INFINITE_RECURSION = YES;
				CLANG_WARN_INT_CONVERSION = YES;
				CLANG_WARN_NON_LITERAL_NULL_CONVERSION = YES;
				CLANG_WARN_OBJC_IMPLICIT_RETAIN_SELF = YES;
				CLANG_WARN_OBJC_LITERAL_CONVERSION = YES;
				CLANG_WARN_OBJC_ROOT_CLASS = YES_ERROR;
				CLANG_WARN_QUOTED_INCLUDE_IN_FRAMEWORK_HEADER = YES;
				CLANG_WARN_RANGE_LOOP_ANALYSIS = YES;
				CLANG_WARN_STRICT_PROTOTYPES = YES;
				CLANG_WARN_SUSPICIOUS_MOVE = YES;
				CLANG_WARN_UNGUARDED_AVAILABILITY = YES_AGGRESSIVE;
				CLANG_WARN_UNREACHABLE_CODE = YES;
				CLANG_WARN__DUPLICATE_METHOD_MATCH = YES;
				COPY_PHASE_STRIP = NO;
				DEBUG_INFORMATION_FORMAT = "dwarf-with-dsym";
				ENABLE_NS_ASSERTIONS = NO;
				ENABLE_STRICT_OBJC_MSGSEND = YES;
				GCC_C_LANGUAGE_STANDARD = gnu11;
				GCC_NO_COMMON_BLOCKS = YES;
				GCC_WARN_64_TO_32_BIT_CONVERSION = YES;
				GCC_WARN_ABOUT_RETURN_TYPE = YES_ERROR;
				GCC_WARN_UNDECLARED_SELECTOR = YES;
				GCC_WARN_UNINITIALIZED_AUTOS = YES_AGGRESSIVE;
				GCC_WARN_UNUSED_FUNCTION = YES;
				GCC_WARN_UNUSED_VARIABLE = YES;
				IPHONEOS_DEPLOYMENT_TARGET = 15.2;
				MTL_ENABLE_DEBUG_INFO = NO;
				MTL_FAST_MATH = YES;
				SDKROOT = iphoneos;
				SWIFT_COMPILATION_MODE = wholemodule;
				SWIFT_OPTIMIZATION_LEVEL = "-O";
				VALIDATE_PRODUCT = YES;
			};
			name = Release;
		};
		F74C421328670695007F132B /* Debug */ = {
			isa = XCBuildConfiguration;
			buildSettings = {
				ASSETCATALOG_COMPILER_APPICON_NAME = AppIcon;
				ASSETCATALOG_COMPILER_GLOBAL_ACCENT_COLOR_NAME = AccentColor;
				CODE_SIGN_STYLE = Automatic;
				CURRENT_PROJECT_VERSION = 1;
				DEVELOPMENT_ASSET_PATHS = "\"SnowSeeker/Preview Content\"";
				ENABLE_PREVIEWS = YES;
				GENERATE_INFOPLIST_FILE = YES;
				INFOPLIST_KEY_UIApplicationSceneManifest_Generation = YES;
				INFOPLIST_KEY_UIApplicationSupportsIndirectInputEvents = YES;
				INFOPLIST_KEY_UILaunchScreen_Generation = YES;
				INFOPLIST_KEY_UISupportedInterfaceOrientations_iPad = "UIInterfaceOrientationPortrait UIInterfaceOrientationPortraitUpsideDown UIInterfaceOrientationLandscapeLeft UIInterfaceOrientationLandscapeRight";
				INFOPLIST_KEY_UISupportedInterfaceOrientations_iPhone = "UIInterfaceOrientationPortrait UIInterfaceOrientationLandscapeLeft UIInterfaceOrientationLandscapeRight";
				LD_RUNPATH_SEARCH_PATHS = (
					"$(inherited)",
					"@executable_path/Frameworks",
				);
				MARKETING_VERSION = 1.0;
				PRODUCT_BUNDLE_IDENTIFIER = com.bozkurt.SnowSeeker;
				PRODUCT_NAME = "$(TARGET_NAME)";
				SWIFT_EMIT_LOC_STRINGS = YES;
				SWIFT_VERSION = 5.0;
				TARGETED_DEVICE_FAMILY = "1,2";
			};
			name = Debug;
		};
		F74C421428670695007F132B /* Release */ = {
			isa = XCBuildConfiguration;
			buildSettings = {
				ASSETCATALOG_COMPILER_APPICON_NAME = AppIcon;
				ASSETCATALOG_COMPILER_GLOBAL_ACCENT_COLOR_NAME = AccentColor;
				CODE_SIGN_STYLE = Automatic;
				CURRENT_PROJECT_VERSION = 1;
				DEVELOPMENT_ASSET_PATHS = "\"SnowSeeker/Preview Content\"";
				ENABLE_PREVIEWS = YES;
				GENERATE_INFOPLIST_FILE = YES;
				INFOPLIST_KEY_UIApplicationSceneManifest_Generation = YES;
				INFOPLIST_KEY_UIApplicationSupportsIndirectInputEvents = YES;
				INFOPLIST_KEY_UILaunchScreen_Generation = YES;
				INFOPLIST_KEY_UISupportedInterfaceOrientations_iPad = "UIInterfaceOrientationPortrait UIInterfaceOrientationPortraitUpsideDown UIInterfaceOrientationLandscapeLeft UIInterfaceOrientationLandscapeRight";
				INFOPLIST_KEY_UISupportedInterfaceOrientations_iPhone = "UIInterfaceOrientationPortrait UIInterfaceOrientationLandscapeLeft UIInterfaceOrientationLandscapeRight";
				LD_RUNPATH_SEARCH_PATHS = (
					"$(inherited)",
					"@executable_path/Frameworks",
				);
				MARKETING_VERSION = 1.0;
				PRODUCT_BUNDLE_IDENTIFIER = com.bozkurt.SnowSeeker;
				PRODUCT_NAME = "$(TARGET_NAME)";
				SWIFT_EMIT_LOC_STRINGS = YES;
				SWIFT_VERSION = 5.0;
				TARGETED_DEVICE_FAMILY = "1,2";
			};
			name = Release;
		};
/* End XCBuildConfiguration section */

/* Begin XCConfigurationList section */
		F74C41FF2867068F007F132B /* Build configuration list for PBXProject "SnowSeeker" */ = {
			isa = XCConfigurationList;
			buildConfigurations = (
				F74C421028670695007F132B /* Debug */,
				F74C421128670695007F132B /* Release */,
			);
			defaultConfigurationIsVisible = 0;
			defaultConfigurationName = Release;
		};
		F74C421228670695007F132B /* Build configuration list for PBXNativeTarget "SnowSeeker" */ = {
			isa = XCConfigurationList;
			buildConfigurations = (
				F74C421328670695007F132B /* Debug */,
				F74C421428670695007F132B /* Release */,
			);
			defaultConfigurationIsVisible = 0;
			defaultConfigurationName = Release;
		};
/* End XCConfigurationList section */
	};
	rootObject = F74C41FC2867068F007F132B /* Project object */;
}
